<?xml version="1.0" encoding="utf-8"?>
<Project ToolsVersion="4.0" xmlns="http://schemas.microsoft.com/developer/msbuild/2003">
  <ItemGroup>
    <Filter Include="Source Files">
      <UniqueIdentifier>{4FC737F1-C7A5-4376-A066-2A32D752A2FF}</UniqueIdentifier>
      <Extensions>cpp;c;cc;cxx;c++;cppm;ixx;def;odl;idl;hpj;bat;asm;asmx</Extensions>
    </Filter>
    <Filter Include="Header Files">
      <UniqueIdentifier>{93995380-89BD-4b04-88EB-625FBE52EBFB}</UniqueIdentifier>
      <Extensions>h;hh;hpp;hxx;h++;hm;inl;inc;ipp;xsd</Extensions>
    </Filter>
    <Filter Include="Resource Files">
      <UniqueIdentifier>{67DA6AB6-F800-4c08-8B7A-83BB121AAD01}</UniqueIdentifier>
      <Extensions>rc;ico;cur;bmp;dlg;rc2;rct;bin;rgs;gif;jpg;jpeg;jpe;resx;tiff;tif;png;wav;mfcribbon-ms</Extensions>
    </Filter>
    <Filter Include="Header Files\DevOps">
      <UniqueIdentifier>{8a77ef78-b732-41b8-a183-298753bec950}</UniqueIdentifier>
    </Filter>
    <Filter Include="Resource Files\Tests">
      <UniqueIdentifier>{64b7c305-044b-4c76-b17b-d8992d96f967}</UniqueIdentifier>
    </Filter>
  </ItemGroup>
  <ItemGroup>
    <ClCompile Include="main.cpp">
      <Filter>Source Files</Filter>
    </ClCompile>
    <ClCompile Include="transport_catalogue.cpp">
      <Filter>Source Files</Filter>
    </ClCompile>
    <ClCompile Include="input_reader.cpp">
      <Filter>Source Files</Filter>
    </ClCompile>
    <ClCompile Include="stat_reader.cpp">
      <Filter>Source Files</Filter>
    </ClCompile>
  </ItemGroup>
  <ItemGroup>
    <ClInclude Include="transport_catalogue.h">
      <Filter>Header Files</Filter>
    </ClInclude>
    <ClInclude Include="input_reader.h">
      <Filter>Header Files</Filter>
    </ClInclude>
    <ClInclude Include="stat_reader.h">
      <Filter>Header Files</Filter>
    </ClInclude>
    <ClInclude Include="geo.h">
      <Filter>Header Files</Filter>
    </ClInclude>
    <ClInclude Include="log_duration.h">
      <Filter>Header Files\DevOps</Filter>
    </ClInclude>
    <ClInclude Include="tests.h">
      <Filter>Header Files\DevOps</Filter>
    </ClInclude>
  </ItemGroup>
  <ItemGroup>
    <Text Include="tests\tsA_case1_input.txt">
      <Filter>Resource Files\Tests</Filter>
    </Text>
    <Text Include="tests\tsA_case1_output.txt">
      <Filter>Resource Files\Tests</Filter>
    </Text>
    <Text Include="tests\tsA_case2_input.txt">
      <Filter>Resource Files\Tests</Filter>
    </Text>
    <Text Include="tests\tsA_case2_output.txt">
      <Filter>Resource Files\Tests</Filter>
    </Text>
    <Text Include="tests\tsB_case1_input.txt">
      <Filter>Resource Files\Tests</Filter>
    </Text>
    <Text Include="tests\tsB_case1_output.txt">
      <Filter>Resource Files\Tests</Filter>
    </Text>
    <Text Include="tests\tsB_case2_input.txt">
      <Filter>Resource Files\Tests</Filter>
    </Text>
    <Text Include="tests\tsB_case2_output.txt">
      <Filter>Resource Files\Tests</Filter>
    </Text>
    <Text Include="tests\tsC_case1_input.txt">
      <Filter>Resource Files\Tests</Filter>
    </Text>
    <Text Include="tests\tsC_case1_output1.txt">
      <Filter>Resource Files\Tests</Filter>
    </Text>
    <Text Include="tests\tsC_case1_output2.txt">
      <Filter>Resource Files\Tests</Filter>
    </Text>
  </ItemGroup>
</Project>